<?xml version="1.0" encoding="utf-8"?>
<Project ToolsVersion="4.0" xmlns="http://schemas.microsoft.com/developer/msbuild/2003">
  <ItemGroup>
    <Filter Include="Source Files">
      <UniqueIdentifier>{4FC737F1-C7A5-4376-A066-2A32D752A2FF}</UniqueIdentifier>
      <Extensions>cpp;c;cc;cxx;def;odl;idl;hpj;bat;asm;asmx</Extensions>
    </Filter>
    <Filter Include="Header Files">
      <UniqueIdentifier>{93995380-89BD-4b04-88EB-625FBE52EBFB}</UniqueIdentifier>
      <Extensions>h;hh;hpp;hxx;hm;inl;inc;ipp;xsd</Extensions>
    </Filter>
    <Filter Include="Resource Files">
      <UniqueIdentifier>{67DA6AB6-F800-4c08-8B7A-83BB121AAD01}</UniqueIdentifier>
      <Extensions>rc;ico;cur;bmp;dlg;rc2;rct;bin;rgs;gif;jpg;jpeg;jpe;resx;tiff;tif;png;wav;mfcribbon-ms</Extensions>
    </Filter>
    <Filter Include="ShaderManager">
      <UniqueIdentifier>{93f0d90e-dc04-4e62-a545-d686c9e18ffd}</UniqueIdentifier>
    </Filter>
    <Filter Include="VAOManager">
      <UniqueIdentifier>{92500b6c-49b1-4e23-9141-816a18ec8206}</UniqueIdentifier>
    </Filter>
    <Filter Include="Camera">
      <UniqueIdentifier>{a1c1c4be-6c13-4d4d-a3c7-707b23777227}</UniqueIdentifier>
    </Filter>
    <Filter Include="MeshObject">
      <UniqueIdentifier>{2f206e99-3eda-4770-b1c6-088e7cb83a81}</UniqueIdentifier>
    </Filter>
    <Filter Include="LightManager">
      <UniqueIdentifier>{beac3800-945d-4fa9-b11a-423aa19e40b8}</UniqueIdentifier>
    </Filter>
    <Filter Include="TextureManager">
      <UniqueIdentifier>{2a2232e0-0d3c-4149-9f21-71bc78e178ff}</UniqueIdentifier>
    </Filter>
  </ItemGroup>
  <ItemGroup>
    <ClCompile Include="glad.c">
      <Filter>Source Files</Filter>
    </ClCompile>
    <ClCompile Include="cShader.cpp">
      <Filter>ShaderManager</Filter>
    </ClCompile>
    <ClCompile Include="cShaderManager.cpp">
      <Filter>ShaderManager</Filter>
    </ClCompile>
    <ClCompile Include="cVAOManager.cpp">
      <Filter>VAOManager</Filter>
    </ClCompile>
    <ClCompile Include="cFlyCamera.cpp">
      <Filter>Camera</Filter>
    </ClCompile>
    <ClCompile Include="cMeshObject.cpp">
      <Filter>MeshObject</Filter>
    </ClCompile>
    <ClCompile Include="LoadTheModels.cpp">
      <Filter>Source Files</Filter>
    </ClCompile>
    <ClCompile Include="LightManager\cLightHelper.cpp">
      <Filter>LightManager</Filter>
    </ClCompile>
    <ClCompile Include="LightManager\cLightMangager.cpp">
      <Filter>LightManager</Filter>
    </ClCompile>
    <ClCompile Include="BasicTextureManager\C24BitBMPpixel.cpp">
      <Filter>TextureManager</Filter>
    </ClCompile>
    <ClCompile Include="BasicTextureManager\cBasicTextureManager.cpp">
      <Filter>TextureManager</Filter>
    </ClCompile>
    <ClCompile Include="BasicTextureManager\CTextureFromBMP.cpp">
      <Filter>TextureManager</Filter>
    </ClCompile>
    <ClCompile Include="Main.cpp">
      <Filter>Source Files</Filter>
    </ClCompile>
  </ItemGroup>
  <ItemGroup>
    <ClInclude Include="cShaderManager.h">
      <Filter>ShaderManager</Filter>
    </ClInclude>
    <ClInclude Include="globalStuff.h">
      <Filter>Header Files</Filter>
    </ClInclude>
    <ClInclude Include="cVAOManager.h">
      <Filter>VAOManager</Filter>
    </ClInclude>
    <ClInclude Include="cFlyCamera.h">
      <Filter>Camera</Filter>
    </ClInclude>
    <ClInclude Include="cMeshObject.h">
      <Filter>MeshObject</Filter>
    </ClInclude>
    <ClInclude Include="HelpfulFunctions.h">
      <Filter>Header Files</Filter>
    </ClInclude>
    <ClInclude Include="LightManager\cLightHelper.h">
      <Filter>LightManager</Filter>
    </ClInclude>
    <ClInclude Include="LightManager\cLightMangager.h">
      <Filter>LightManager</Filter>
    </ClInclude>
    <ClInclude Include="BasicTextureManager\C24BitBMPpixel.h">
      <Filter>TextureManager</Filter>
    </ClInclude>
    <ClInclude Include="BasicTextureManager\cBasicTextureManager.h">
      <Filter>TextureManager</Filter>
    </ClInclude>
    <ClInclude Include="BasicTextureManager\CTextureFromBMP.h">
      <Filter>TextureManager</Filter>
    </ClInclude>
  </ItemGroup>
  <ItemGroup>
    <None Include="fragmentShader.glsl" />
    <None Include="vertexShader.glsl" />
  </ItemGroup>
</Project>